
Microsoft Visual Studio Solution File, Format Version 12.00
# Visual Studio 15
VisualStudioVersion = 15.0.27703.2047
MinimumVisualStudioVersion = 10.0.40219.1
Project("{FAE04EC0-301F-11D3-BF4B-00C04F79EFBC}") = "KGTMachineLearningWeb.Repository", "KGTMachineLearningWeb.Repository\KGTMachineLearningWeb.Repository.csproj", "{B2E6CBBF-451C-4901-985E-26BAADB28946}"
EndProject
Project("{FAE04EC0-301F-11D3-BF4B-00C04F79EFBC}") = "KGTMachineLearningWeb.Models", "KGTMachineLearningWeb.Models\KGTMachineLearningWeb.Models.csproj", "{E426203F-7652-4AE7-BF8E-EFD8C2AE9F82}"
EndProject
Project("{FAE04EC0-301F-11D3-BF4B-00C04F79EFBC}") = "KGTMachineLearningWeb.Domain", "KGTMachineLearningWeb.Domain\KGTMachineLearningWeb.Domain.csproj", "{91A744A2-91A9-4858-BD83-46997C9DA618}"
EndProject
Project("{FAE04EC0-301F-11D3-BF4B-00C04F79EFBC}") = "KGTMachineLearningWeb.Common", "KGTMachineLearningWeb.Common\KGTMachineLearningWeb.Common.csproj", "{9F5CB60D-EF56-4E76-B367-AF1DF6780314}"
EndProject
Project("{FAE04EC0-301F-11D3-BF4B-00C04F79EFBC}") = "KGTMachineLearningWeb.Config", "KGTMachineLearningWeb.Config\KGTMachineLearningWeb.Config.csproj", "{B0B6E0F6-6B32-4CE3-85F4-E1E38E964086}"
EndProject
Project("{FAE04EC0-301F-11D3-BF4B-00C04F79EFBC}") = "KGTMachineLearningWeb", "KGTMachineLearningWeb\KGTMachineLearningWeb.csproj", "{25522FE1-DE26-44A9-A6C7-DF6F8DA9E0E9}"
EndProject
Project("{FAE04EC0-301F-11D3-BF4B-00C04F79EFBC}") = "KGTMachineLearningWeb.Context", "KGTMachineLearningWeb.Context\KGTMachineLearningWeb.Context.csproj", "{0557B9DE-AEE7-4876-97B5-6F098D0FD817}"
EndProject
Global
	GlobalSection(SolutionConfigurationPlatforms) = preSolution
		Debug|Any CPU = Debug|Any CPU
		Release|Any CPU = Release|Any CPU
	EndGlobalSection
	GlobalSection(ProjectConfigurationPlatforms) = postSolution
		{B2E6CBBF-451C-4901-985E-26BAADB28946}.Debug|Any CPU.ActiveCfg = Debug|Any CPU
		{B2E6CBBF-451C-4901-985E-26BAADB28946}.Debug|Any CPU.Build.0 = Debug|Any CPU
		{B2E6CBBF-451C-4901-985E-26BAADB28946}.Release|Any CPU.ActiveCfg = Release|Any CPU
		{B2E6CBBF-451C-4901-985E-26BAADB28946}.Release|Any CPU.Build.0 = Release|Any CPU
		{E426203F-7652-4AE7-BF8E-EFD8C2AE9F82}.Debug|Any CPU.ActiveCfg = Debug|Any CPU
		{E426203F-7652-4AE7-BF8E-EFD8C2AE9F82}.Debug|Any CPU.Build.0 = Debug|Any CPU
		{E426203F-7652-4AE7-BF8E-EFD8C2AE9F82}.Release|Any CPU.ActiveCfg = Release|Any CPU
		{E426203F-7652-4AE7-BF8E-EFD8C2AE9F82}.Release|Any CPU.Build.0 = Release|Any CPU
		{91A744A2-91A9-4858-BD83-46997C9DA618}.Debug|Any CPU.ActiveCfg = Debug|Any CPU
		{91A744A2-91A9-4858-BD83-46997C9DA618}.Debug|Any CPU.Build.0 = Debug|Any CPU
		{91A744A2-91A9-4858-BD83-46997C9DA618}.Release|Any CPU.ActiveCfg = Release|Any CPU
		{91A744A2-91A9-4858-BD83-46997C9DA618}.Release|Any CPU.Build.0 = Release|Any CPU
		{9F5CB60D-EF56-4E76-B367-AF1DF6780314}.Debug|Any CPU.ActiveCfg = Debug|Any CPU
		{9F5CB60D-EF56-4E76-B367-AF1DF6780314}.Debug|Any CPU.Build.0 = Debug|Any CPU
		{9F5CB60D-EF56-4E76-B367-AF1DF6780314}.Release|Any CPU.ActiveCfg = Release|Any CPU
		{9F5CB60D-EF56-4E76-B367-AF1DF6780314}.Release|Any CPU.Build.0 = Release|Any CPU
		{B0B6E0F6-6B32-4CE3-85F4-E1E38E964086}.Debug|Any CPU.ActiveCfg = Debug|Any CPU
		{B0B6E0F6-6B32-4CE3-85F4-E1E38E964086}.Debug|Any CPU.Build.0 = Debug|Any CPU
		{B0B6E0F6-6B32-4CE3-85F4-E1E38E964086}.Release|Any CPU.ActiveCfg = Release|Any CPU
		{B0B6E0F6-6B32-4CE3-85F4-E1E38E964086}.Release|Any CPU.Build.0 = Release|Any CPU
		{25522FE1-DE26-44A9-A6C7-DF6F8DA9E0E9}.Debug|Any CPU.ActiveCfg = Debug|Any CPU
		{25522FE1-DE26-44A9-A6C7-DF6F8DA9E0E9}.Debug|Any CPU.Build.0 = Debug|Any CPU
		{25522FE1-DE26-44A9-A6C7-DF6F8DA9E0E9}.Release|Any CPU.ActiveCfg = Release|Any CPU
		{25522FE1-DE26-44A9-A6C7-DF6F8DA9E0E9}.Release|Any CPU.Build.0 = Release|Any CPU
		{0557B9DE-AEE7-4876-97B5-6F098D0FD817}.Debug|Any CPU.ActiveCfg = Debug|Any CPU
		{0557B9DE-AEE7-4876-97B5-6F098D0FD817}.Debug|Any CPU.Build.0 = Debug|Any CPU
		{0557B9DE-AEE7-4876-97B5-6F098D0FD817}.Release|Any CPU.ActiveCfg = Release|Any CPU
		{0557B9DE-AEE7-4876-97B5-6F098D0FD817}.Release|Any CPU.Build.0 = Release|Any CPU
	EndGlobalSection
	GlobalSection(SolutionProperties) = preSolution
		HideSolutionNode = FALSE
	EndGlobalSection
	GlobalSection(ExtensibilityGlobals) = postSolution
		SolutionGuid = {2B34C6E1-2EED-4830-BFE6-46F783FA3234}
	EndGlobalSection
EndGlobal
